
Microsoft Visual Studio Solution File, Format Version 12.00
# Visual Studio Version 16
VisualStudioVersion = 16.0.29230.47
MinimumVisualStudioVersion = 10.0.40219.1
Project("{FAE04EC0-301F-11D3-BF4B-00C04F79EFBC}") = "054486", "054486\054486.csproj", "{B8D902FE-3DA8-4B62-9F67-9C05E462C2DC}"
EndProject
Global
	GlobalSection(SolutionConfigurationPlatforms) = preSolution
		Debug|Any CPU = Debug|Any CPU
		Release|Any CPU = Release|Any CPU
	EndGlobalSection
	GlobalSection(ProjectConfigurationPlatforms) = postSolution
		{B8D902FE-3DA8-4B62-9F67-9C05E462C2DC}.Debug|Any CPU.ActiveCfg = Debug|Any CPU
		{B8D902FE-3DA8-4B62-9F67-9C05E462C2DC}.Debug|Any CPU.Build.0 = Debug|Any CPU
		{B8D902FE-3DA8-4B62-9F67-9C05E462C2DC}.Release|Any CPU.ActiveCfg = Release|Any CPU
		{B8D902FE-3DA8-4B62-9F67-9C05E462C2DC}.Release|Any CPU.Build.0 = Release|Any CPU
	EndGlobalSection
	GlobalSection(SolutionProperties) = preSolution
		HideSolutionNode = FALSE
	EndGlobalSection
	GlobalSection(ExtensibilityGlobals) = postSolution
		SolutionGuid = {53ABB1F3-88AF-4460-AD1C-27C4E7D8ED60}
	EndGlobalSection
EndGlobal
