
Microsoft Visual Studio Solution File, Format Version 12.00
# Visual Studio Version 16
VisualStudioVersion = 16.0.29230.47
MinimumVisualStudioVersion = 10.0.40219.1
Project("{FAE04EC0-301F-11D3-BF4B-00C04F79EFBC}") = "Kolokwium1", "Kolokwium1\Kolokwium1.csproj", "{74AD786D-CBA2-4311-B5AA-58BD582FED65}"
EndProject
Global
	GlobalSection(SolutionConfigurationPlatforms) = preSolution
		Debug|Any CPU = Debug|Any CPU
		Release|Any CPU = Release|Any CPU
	EndGlobalSection
	GlobalSection(ProjectConfigurationPlatforms) = postSolution
		{74AD786D-CBA2-4311-B5AA-58BD582FED65}.Debug|Any CPU.ActiveCfg = Debug|Any CPU
		{74AD786D-CBA2-4311-B5AA-58BD582FED65}.Debug|Any CPU.Build.0 = Debug|Any CPU
		{74AD786D-CBA2-4311-B5AA-58BD582FED65}.Release|Any CPU.ActiveCfg = Release|Any CPU
		{74AD786D-CBA2-4311-B5AA-58BD582FED65}.Release|Any CPU.Build.0 = Release|Any CPU
	EndGlobalSection
	GlobalSection(SolutionProperties) = preSolution
		HideSolutionNode = FALSE
	EndGlobalSection
	GlobalSection(ExtensibilityGlobals) = postSolution
		SolutionGuid = {3F9216B4-DD51-41B7-8ED0-777B33446CAE}
	EndGlobalSection
EndGlobal
