
Microsoft Visual Studio Solution File, Format Version 12.00
# Visual Studio Version 16
VisualStudioVersion = 16.0.29519.181
MinimumVisualStudioVersion = 10.0.40219.1
Project("{FAE04EC0-301F-11D3-BF4B-00C04F79EFBC}") = "Kolokwium_Poprawa_12_luty", "Kolokwium_Poprawa_12_luty\Kolokwium_Poprawa_12_luty.csproj", "{F026147D-6CE7-4FEE-B7B7-D77FE9298F60}"
EndProject
Global
	GlobalSection(SolutionConfigurationPlatforms) = preSolution
		Debug|Any CPU = Debug|Any CPU
		Release|Any CPU = Release|Any CPU
	EndGlobalSection
	GlobalSection(ProjectConfigurationPlatforms) = postSolution
		{F026147D-6CE7-4FEE-B7B7-D77FE9298F60}.Debug|Any CPU.ActiveCfg = Debug|Any CPU
		{F026147D-6CE7-4FEE-B7B7-D77FE9298F60}.Debug|Any CPU.Build.0 = Debug|Any CPU
		{F026147D-6CE7-4FEE-B7B7-D77FE9298F60}.Release|Any CPU.ActiveCfg = Release|Any CPU
		{F026147D-6CE7-4FEE-B7B7-D77FE9298F60}.Release|Any CPU.Build.0 = Release|Any CPU
	EndGlobalSection
	GlobalSection(SolutionProperties) = preSolution
		HideSolutionNode = FALSE
	EndGlobalSection
	GlobalSection(ExtensibilityGlobals) = postSolution
		SolutionGuid = {6B4A239A-40C2-45B0-8013-A74F2B707A40}
	EndGlobalSection
EndGlobal
