
Microsoft Visual Studio Solution File, Format Version 12.00
# Visual Studio Version 16
VisualStudioVersion = 16.0.29230.47
MinimumVisualStudioVersion = 10.0.40219.1
Project("{FAE04EC0-301F-11D3-BF4B-00C04F79EFBC}") = "Lab5", "Lab5\Lab5.csproj", "{D05086A8-B15E-4924-B7FA-D77F1FE55B1A}"
EndProject
Global
	GlobalSection(SolutionConfigurationPlatforms) = preSolution
		Debug|Any CPU = Debug|Any CPU
		Release|Any CPU = Release|Any CPU
	EndGlobalSection
	GlobalSection(ProjectConfigurationPlatforms) = postSolution
		{D05086A8-B15E-4924-B7FA-D77F1FE55B1A}.Debug|Any CPU.ActiveCfg = Debug|Any CPU
		{D05086A8-B15E-4924-B7FA-D77F1FE55B1A}.Debug|Any CPU.Build.0 = Debug|Any CPU
		{D05086A8-B15E-4924-B7FA-D77F1FE55B1A}.Release|Any CPU.ActiveCfg = Release|Any CPU
		{D05086A8-B15E-4924-B7FA-D77F1FE55B1A}.Release|Any CPU.Build.0 = Release|Any CPU
	EndGlobalSection
	GlobalSection(SolutionProperties) = preSolution
		HideSolutionNode = FALSE
	EndGlobalSection
	GlobalSection(ExtensibilityGlobals) = postSolution
		SolutionGuid = {EB359886-CB40-4205-B705-8CB7314ED309}
	EndGlobalSection
EndGlobal
