
Microsoft Visual Studio Solution File, Format Version 12.00
# Visual Studio Version 16
VisualStudioVersion = 16.0.29230.47
MinimumVisualStudioVersion = 10.0.40219.1
Project("{FAE04EC0-301F-11D3-BF4B-00C04F79EFBC}") = "Lab3.1", "Lab3.1\Lab3.1.csproj", "{EE7B4211-93F6-41BD-9C41-476FAF6FCA19}"
EndProject
Global
	GlobalSection(SolutionConfigurationPlatforms) = preSolution
		Debug|Any CPU = Debug|Any CPU
		Release|Any CPU = Release|Any CPU
	EndGlobalSection
	GlobalSection(ProjectConfigurationPlatforms) = postSolution
		{EE7B4211-93F6-41BD-9C41-476FAF6FCA19}.Debug|Any CPU.ActiveCfg = Debug|Any CPU
		{EE7B4211-93F6-41BD-9C41-476FAF6FCA19}.Debug|Any CPU.Build.0 = Debug|Any CPU
		{EE7B4211-93F6-41BD-9C41-476FAF6FCA19}.Release|Any CPU.ActiveCfg = Release|Any CPU
		{EE7B4211-93F6-41BD-9C41-476FAF6FCA19}.Release|Any CPU.Build.0 = Release|Any CPU
	EndGlobalSection
	GlobalSection(SolutionProperties) = preSolution
		HideSolutionNode = FALSE
	EndGlobalSection
	GlobalSection(ExtensibilityGlobals) = postSolution
		SolutionGuid = {2DC6D8C9-1571-424D-8652-E34DBA8410C9}
	EndGlobalSection
EndGlobal
